
Microsoft Visual Studio Solution File, Format Version 12.00
# Visual Studio 15
VisualStudioVersion = 15.0.27004.2005
MinimumVisualStudioVersion = 10.0.40219.1
Project("{FAE04EC0-301F-11D3-BF4B-00C04F79EFBC}") = "DAL", "DAL\DAL.csproj", "{044031D9-8E80-4E59-B0B9-10BADA53968B}"
EndProject
Project("{FAE04EC0-301F-11D3-BF4B-00C04F79EFBC}") = "Service", "Service\Service.csproj", "{2FDAD07C-E1BB-4FF4-8EBB-73FBE8E1FAB4}"
EndProject
Project("{FAE04EC0-301F-11D3-BF4B-00C04F79EFBC}") = "App", "App\App.csproj", "{E6E82ED8-8302-4114-A063-1BBF28CAC2CE}"
EndProject
Global
	GlobalSection(SolutionConfigurationPlatforms) = preSolution
		Debug|Any CPU = Debug|Any CPU
		Release|Any CPU = Release|Any CPU
	EndGlobalSection
	GlobalSection(ProjectConfigurationPlatforms) = postSolution
		{044031D9-8E80-4E59-B0B9-10BADA53968B}.Debug|Any CPU.ActiveCfg = Debug|Any CPU
		{044031D9-8E80-4E59-B0B9-10BADA53968B}.Debug|Any CPU.Build.0 = Debug|Any CPU
		{044031D9-8E80-4E59-B0B9-10BADA53968B}.Release|Any CPU.ActiveCfg = Release|Any CPU
		{044031D9-8E80-4E59-B0B9-10BADA53968B}.Release|Any CPU.Build.0 = Release|Any CPU
		{2FDAD07C-E1BB-4FF4-8EBB-73FBE8E1FAB4}.Debug|Any CPU.ActiveCfg = Debug|Any CPU
		{2FDAD07C-E1BB-4FF4-8EBB-73FBE8E1FAB4}.Debug|Any CPU.Build.0 = Debug|Any CPU
		{2FDAD07C-E1BB-4FF4-8EBB-73FBE8E1FAB4}.Release|Any CPU.ActiveCfg = Release|Any CPU
		{2FDAD07C-E1BB-4FF4-8EBB-73FBE8E1FAB4}.Release|Any CPU.Build.0 = Release|Any CPU
		{E6E82ED8-8302-4114-A063-1BBF28CAC2CE}.Debug|Any CPU.ActiveCfg = Debug|Any CPU
		{E6E82ED8-8302-4114-A063-1BBF28CAC2CE}.Debug|Any CPU.Build.0 = Debug|Any CPU
		{E6E82ED8-8302-4114-A063-1BBF28CAC2CE}.Release|Any CPU.ActiveCfg = Release|Any CPU
		{E6E82ED8-8302-4114-A063-1BBF28CAC2CE}.Release|Any CPU.Build.0 = Release|Any CPU
	EndGlobalSection
	GlobalSection(SolutionProperties) = preSolution
		HideSolutionNode = FALSE
	EndGlobalSection
	GlobalSection(ExtensibilityGlobals) = postSolution
		SolutionGuid = {98425114-FE2E-4B17-9163-CE1EE737D77D}
	EndGlobalSection
EndGlobal
