
Microsoft Visual Studio Solution File, Format Version 12.00
# Visual Studio 15
VisualStudioVersion = 15.0.26730.16
MinimumVisualStudioVersion = 10.0.40219.1
Project("{FAE04EC0-301F-11D3-BF4B-00C04F79EFBC}") = "cafeManagement", "cafeManagement.csproj", "{D225BE27-A653-4BA1-B695-00C36EE14504}"
EndProject
Global
	GlobalSection(SolutionConfigurationPlatforms) = preSolution
		Debug|Any CPU = Debug|Any CPU
		Release|Any CPU = Release|Any CPU
	EndGlobalSection
	GlobalSection(ProjectConfigurationPlatforms) = postSolution
		{D225BE27-A653-4BA1-B695-00C36EE14504}.Debug|Any CPU.ActiveCfg = Debug|Any CPU
		{D225BE27-A653-4BA1-B695-00C36EE14504}.Debug|Any CPU.Build.0 = Debug|Any CPU
		{D225BE27-A653-4BA1-B695-00C36EE14504}.Release|Any CPU.ActiveCfg = Release|Any CPU
		{D225BE27-A653-4BA1-B695-00C36EE14504}.Release|Any CPU.Build.0 = Release|Any CPU
	EndGlobalSection
	GlobalSection(SolutionProperties) = preSolution
		HideSolutionNode = FALSE
	EndGlobalSection
	GlobalSection(ExtensibilityGlobals) = postSolution
		SolutionGuid = {98425114-FE2E-4B17-9163-CE1EE737D77D}
	EndGlobalSection
EndGlobal
